
Microsoft Visual Studio Solution File, Format Version 12.00
# Visual Studio Version 16
VisualStudioVersion = 16.0.31205.134
MinimumVisualStudioVersion = 10.0.40219.1
Project("{9A19103F-16F7-4668-BE54-9A1E7A4F7556}") = "Calculator", "Calculator\Calculator.csproj", "{296A5CB5-1B29-4C57-AC79-DCBA074D1B80}"
EndProject
Global
	GlobalSection(SolutionConfigurationPlatforms) = preSolution
		Debug|Any CPU = Debug|Any CPU
		Release|Any CPU = Release|Any CPU
	EndGlobalSection
	GlobalSection(ProjectConfigurationPlatforms) = postSolution
		{296A5CB5-1B29-4C57-AC79-DCBA074D1B80}.Debug|Any CPU.ActiveCfg = Debug|Any CPU
		{296A5CB5-1B29-4C57-AC79-DCBA074D1B80}.Debug|Any CPU.Build.0 = Debug|Any CPU
		{296A5CB5-1B29-4C57-AC79-DCBA074D1B80}.Release|Any CPU.ActiveCfg = Release|Any CPU
		{296A5CB5-1B29-4C57-AC79-DCBA074D1B80}.Release|Any CPU.Build.0 = Release|Any CPU
	EndGlobalSection
	GlobalSection(SolutionProperties) = preSolution
		HideSolutionNode = FALSE
	EndGlobalSection
	GlobalSection(ExtensibilityGlobals) = postSolution
		SolutionGuid = {E05A5672-B00D-44DD-BF37-582F4C41BCFD}
	EndGlobalSection
EndGlobal
